
Microsoft Visual Studio Solution File, Format Version 12.00
# Visual Studio 15
VisualStudioVersion = 15.0.28307.852
MinimumVisualStudioVersion = 10.0.40219.1
Project("{FAE04EC0-301F-11D3-BF4B-00C04F79EFBC}") = "EmployeePayrollApi", "EmployeePayrollApi\EmployeePayrollApi.csproj", "{780DDF68-3EA2-4D0F-B532-8F7D32490E5D}"
EndProject
Project("{FAE04EC0-301F-11D3-BF4B-00C04F79EFBC}") = "EmployeePayrollApi.Library", "EmployeePayrollApi.Library\EmployeePayrollApi.Library.csproj", "{DA4D823C-F452-4CE3-AEA2-EA1BB710ADDD}"
EndProject
Global
	GlobalSection(SolutionConfigurationPlatforms) = preSolution
		Debug|Any CPU = Debug|Any CPU
		Release|Any CPU = Release|Any CPU
	EndGlobalSection
	GlobalSection(ProjectConfigurationPlatforms) = postSolution
		{780DDF68-3EA2-4D0F-B532-8F7D32490E5D}.Debug|Any CPU.ActiveCfg = Debug|Any CPU
		{780DDF68-3EA2-4D0F-B532-8F7D32490E5D}.Debug|Any CPU.Build.0 = Debug|Any CPU
		{780DDF68-3EA2-4D0F-B532-8F7D32490E5D}.Release|Any CPU.ActiveCfg = Release|Any CPU
		{780DDF68-3EA2-4D0F-B532-8F7D32490E5D}.Release|Any CPU.Build.0 = Release|Any CPU
		{DA4D823C-F452-4CE3-AEA2-EA1BB710ADDD}.Debug|Any CPU.ActiveCfg = Debug|Any CPU
		{DA4D823C-F452-4CE3-AEA2-EA1BB710ADDD}.Debug|Any CPU.Build.0 = Debug|Any CPU
		{DA4D823C-F452-4CE3-AEA2-EA1BB710ADDD}.Release|Any CPU.ActiveCfg = Release|Any CPU
		{DA4D823C-F452-4CE3-AEA2-EA1BB710ADDD}.Release|Any CPU.Build.0 = Release|Any CPU
	EndGlobalSection
	GlobalSection(SolutionProperties) = preSolution
		HideSolutionNode = FALSE
	EndGlobalSection
	GlobalSection(ExtensibilityGlobals) = postSolution
		SolutionGuid = {6D961468-E224-401D-A5A3-73511E42931E}
	EndGlobalSection
EndGlobal
